
Microsoft Visual Studio Solution File, Format Version 12.00
# Visual Studio Version 17
VisualStudioVersion = 17.4.33205.214
MinimumVisualStudioVersion = 10.0.40219.1
Project("{FAE04EC0-301F-11D3-BF4B-00C04F79EFBC}") = "ClienteApiFinal", "ClienteApiFinal\ClienteApiFinal.csproj", "{318893F6-0B18-486B-AD90-3F1340D59672}"
EndProject
Global
	GlobalSection(SolutionConfigurationPlatforms) = preSolution
		Debug|Any CPU = Debug|Any CPU
		Release|Any CPU = Release|Any CPU
	EndGlobalSection
	GlobalSection(ProjectConfigurationPlatforms) = postSolution
		{318893F6-0B18-486B-AD90-3F1340D59672}.Debug|Any CPU.ActiveCfg = Debug|Any CPU
		{318893F6-0B18-486B-AD90-3F1340D59672}.Debug|Any CPU.Build.0 = Debug|Any CPU
		{318893F6-0B18-486B-AD90-3F1340D59672}.Release|Any CPU.ActiveCfg = Release|Any CPU
		{318893F6-0B18-486B-AD90-3F1340D59672}.Release|Any CPU.Build.0 = Release|Any CPU
	EndGlobalSection
	GlobalSection(SolutionProperties) = preSolution
		HideSolutionNode = FALSE
	EndGlobalSection
	GlobalSection(ExtensibilityGlobals) = postSolution
		SolutionGuid = {91CF284F-66DD-4D6E-98BF-E6AF684FA899}
	EndGlobalSection
EndGlobal
